
Microsoft Visual Studio Solution File, Format Version 12.00
# Visual Studio Version 16
VisualStudioVersion = 16.0.30114.105
MinimumVisualStudioVersion = 10.0.40219.1
Project("{FAE04EC0-301F-11D3-BF4B-00C04F79EFBC}") = "SecondTest", "SecondTest\SecondTest.csproj", "{CE9C70F8-3731-4D7E-82AA-25456E7EDB0F}"
EndProject
Global
	GlobalSection(SolutionConfigurationPlatforms) = preSolution
		Debug|Any CPU = Debug|Any CPU
		Release|Any CPU = Release|Any CPU
	EndGlobalSection
	GlobalSection(ProjectConfigurationPlatforms) = postSolution
		{CE9C70F8-3731-4D7E-82AA-25456E7EDB0F}.Debug|Any CPU.ActiveCfg = Debug|Any CPU
		{CE9C70F8-3731-4D7E-82AA-25456E7EDB0F}.Debug|Any CPU.Build.0 = Debug|Any CPU
		{CE9C70F8-3731-4D7E-82AA-25456E7EDB0F}.Release|Any CPU.ActiveCfg = Release|Any CPU
		{CE9C70F8-3731-4D7E-82AA-25456E7EDB0F}.Release|Any CPU.Build.0 = Release|Any CPU
	EndGlobalSection
	GlobalSection(SolutionProperties) = preSolution
		HideSolutionNode = FALSE
	EndGlobalSection
	GlobalSection(ExtensibilityGlobals) = postSolution
		SolutionGuid = {C7A53039-3A26-41C3-A45E-CF77297D055D}
	EndGlobalSection
EndGlobal
